
Microsoft Visual Studio Solution File, Format Version 12.00
# Visual Studio 14
VisualStudioVersion = 14.0.25420.1
MinimumVisualStudioVersion = 10.0.40219.1
Project("{FAE04EC0-301F-11D3-BF4B-00C04F79EFBC}") = "PagaMulte.Portable", "Src\PagaMulte\PagaMulte.Portable.csproj", "{2F78F7D2-CD37-4B68-8385-6671D2910FE3}"
EndProject
Project("{FAE04EC0-301F-11D3-BF4B-00C04F79EFBC}") = "PagaMulte.Droid", "Src\Devices\PagaMulte.Droid\PagaMulte.Droid.csproj", "{45525955-7152-4B40-BE48-F8AF2F383360}"
EndProject
Project("{FAE04EC0-301F-11D3-BF4B-00C04F79EFBC}") = "PagaMulte.iOS", "Src\Devices\PagaMulte.iOS\PagaMulte.iOS.csproj", "{518904A6-728E-41C9-9A91-EBCE014D3FBA}"
EndProject
Project("{FAE04EC0-301F-11D3-BF4B-00C04F79EFBC}") = "PagaMulte.UWP", "Src\Devices\PagaMulte.UWP\PagaMulte.UWP.csproj", "{5CB960A3-1504-41F6-B8DC-21E804EBEA9F}"
EndProject
Project("{2150E333-8FDC-42A3-9474-1A3956D46DE8}") = "Devices", "Devices", "{CD997A17-A945-4D41-AAF7-6E21DB024A80}"
EndProject
Project("{FAE04EC0-301F-11D3-BF4B-00C04F79EFBC}") = "PagaMulte.DataLayer", "Src\PagaMulte.DataLayer\PagaMulte.DataLayer.csproj", "{38D7EB70-0439-43F1-B615-7E3D1469B1D0}"
EndProject
Project("{FAE04EC0-301F-11D3-BF4B-00C04F79EFBC}") = "PagaMulte.ModelLayer", "Src\PagaMulte.ModelLayer\PagaMulte.ModelLayer.csproj", "{67F9D3A8-F71E-4428-913F-C37AE82CDB24}"
EndProject
Global
	GlobalSection(SolutionConfigurationPlatforms) = preSolution
		Ad-Hoc|Any CPU = Ad-Hoc|Any CPU
		Ad-Hoc|ARM = Ad-Hoc|ARM
		Ad-Hoc|iPhone = Ad-Hoc|iPhone
		Ad-Hoc|iPhoneSimulator = Ad-Hoc|iPhoneSimulator
		Ad-Hoc|x64 = Ad-Hoc|x64
		Ad-Hoc|x86 = Ad-Hoc|x86
		AppStore|Any CPU = AppStore|Any CPU
		AppStore|ARM = AppStore|ARM
		AppStore|iPhone = AppStore|iPhone
		AppStore|iPhoneSimulator = AppStore|iPhoneSimulator
		AppStore|x64 = AppStore|x64
		AppStore|x86 = AppStore|x86
		Debug|Any CPU = Debug|Any CPU
		Debug|ARM = Debug|ARM
		Debug|iPhone = Debug|iPhone
		Debug|iPhoneSimulator = Debug|iPhoneSimulator
		Debug|x64 = Debug|x64
		Debug|x86 = Debug|x86
		Release|Any CPU = Release|Any CPU
		Release|ARM = Release|ARM
		Release|iPhone = Release|iPhone
		Release|iPhoneSimulator = Release|iPhoneSimulator
		Release|x64 = Release|x64
		Release|x86 = Release|x86
	EndGlobalSection
	GlobalSection(ProjectConfigurationPlatforms) = postSolution
		{2F78F7D2-CD37-4B68-8385-6671D2910FE3}.Ad-Hoc|Any CPU.ActiveCfg = Release|Any CPU
		{2F78F7D2-CD37-4B68-8385-6671D2910FE3}.Ad-Hoc|Any CPU.Build.0 = Release|Any CPU
		{2F78F7D2-CD37-4B68-8385-6671D2910FE3}.Ad-Hoc|ARM.ActiveCfg = Release|Any CPU
		{2F78F7D2-CD37-4B68-8385-6671D2910FE3}.Ad-Hoc|ARM.Build.0 = Release|Any CPU
		{2F78F7D2-CD37-4B68-8385-6671D2910FE3}.Ad-Hoc|iPhone.ActiveCfg = Release|Any CPU
		{2F78F7D2-CD37-4B68-8385-6671D2910FE3}.Ad-Hoc|iPhone.Build.0 = Release|Any CPU
		{2F78F7D2-CD37-4B68-8385-6671D2910FE3}.Ad-Hoc|iPhoneSimulator.ActiveCfg = Release|Any CPU
		{2F78F7D2-CD37-4B68-8385-6671D2910FE3}.Ad-Hoc|iPhoneSimulator.Build.0 = Release|Any CPU
		{2F78F7D2-CD37-4B68-8385-6671D2910FE3}.Ad-Hoc|x64.ActiveCfg = Release|Any CPU
		{2F78F7D2-CD37-4B68-8385-6671D2910FE3}.Ad-Hoc|x64.Build.0 = Release|Any CPU
		{2F78F7D2-CD37-4B68-8385-6671D2910FE3}.Ad-Hoc|x86.ActiveCfg = Release|Any CPU
		{2F78F7D2-CD37-4B68-8385-6671D2910FE3}.Ad-Hoc|x86.Build.0 = Release|Any CPU
		{2F78F7D2-CD37-4B68-8385-6671D2910FE3}.AppStore|Any CPU.ActiveCfg = Release|Any CPU
		{2F78F7D2-CD37-4B68-8385-6671D2910FE3}.AppStore|Any CPU.Build.0 = Release|Any CPU
		{2F78F7D2-CD37-4B68-8385-6671D2910FE3}.AppStore|ARM.ActiveCfg = Release|Any CPU
		{2F78F7D2-CD37-4B68-8385-6671D2910FE3}.AppStore|ARM.Build.0 = Release|Any CPU
		{2F78F7D2-CD37-4B68-8385-6671D2910FE3}.AppStore|iPhone.ActiveCfg = Release|Any CPU
		{2F78F7D2-CD37-4B68-8385-6671D2910FE3}.AppStore|iPhone.Build.0 = Release|Any CPU
		{2F78F7D2-CD37-4B68-8385-6671D2910FE3}.AppStore|iPhoneSimulator.ActiveCfg = Release|Any CPU
		{2F78F7D2-CD37-4B68-8385-6671D2910FE3}.AppStore|iPhoneSimulator.Build.0 = Release|Any CPU
		{2F78F7D2-CD37-4B68-8385-6671D2910FE3}.AppStore|x64.ActiveCfg = Release|Any CPU
		{2F78F7D2-CD37-4B68-8385-6671D2910FE3}.AppStore|x64.Build.0 = Release|Any CPU
		{2F78F7D2-CD37-4B68-8385-6671D2910FE3}.AppStore|x86.ActiveCfg = Release|Any CPU
		{2F78F7D2-CD37-4B68-8385-6671D2910FE3}.AppStore|x86.Build.0 = Release|Any CPU
		{2F78F7D2-CD37-4B68-8385-6671D2910FE3}.Debug|Any CPU.ActiveCfg = Debug|Any CPU
		{2F78F7D2-CD37-4B68-8385-6671D2910FE3}.Debug|Any CPU.Build.0 = Debug|Any CPU
		{2F78F7D2-CD37-4B68-8385-6671D2910FE3}.Debug|ARM.ActiveCfg = Debug|Any CPU
		{2F78F7D2-CD37-4B68-8385-6671D2910FE3}.Debug|ARM.Build.0 = Debug|Any CPU
		{2F78F7D2-CD37-4B68-8385-6671D2910FE3}.Debug|iPhone.ActiveCfg = Debug|Any CPU
		{2F78F7D2-CD37-4B68-8385-6671D2910FE3}.Debug|iPhone.Build.0 = Debug|Any CPU
		{2F78F7D2-CD37-4B68-8385-6671D2910FE3}.Debug|iPhoneSimulator.ActiveCfg = Debug|Any CPU
		{2F78F7D2-CD37-4B68-8385-6671D2910FE3}.Debug|iPhoneSimulator.Build.0 = Debug|Any CPU
		{2F78F7D2-CD37-4B68-8385-6671D2910FE3}.Debug|x64.ActiveCfg = Debug|Any CPU
		{2F78F7D2-CD37-4B68-8385-6671D2910FE3}.Debug|x64.Build.0 = Debug|Any CPU
		{2F78F7D2-CD37-4B68-8385-6671D2910FE3}.Debug|x86.ActiveCfg = Debug|Any CPU
		{2F78F7D2-CD37-4B68-8385-6671D2910FE3}.Debug|x86.Build.0 = Debug|Any CPU
		{2F78F7D2-CD37-4B68-8385-6671D2910FE3}.Release|Any CPU.ActiveCfg = Release|Any CPU
		{2F78F7D2-CD37-4B68-8385-6671D2910FE3}.Release|Any CPU.Build.0 = Release|Any CPU
		{2F78F7D2-CD37-4B68-8385-6671D2910FE3}.Release|ARM.ActiveCfg = Release|Any CPU
		{2F78F7D2-CD37-4B68-8385-6671D2910FE3}.Release|ARM.Build.0 = Release|Any CPU
		{2F78F7D2-CD37-4B68-8385-6671D2910FE3}.Release|iPhone.ActiveCfg = Release|Any CPU
		{2F78F7D2-CD37-4B68-8385-6671D2910FE3}.Release|iPhone.Build.0 = Release|Any CPU
		{2F78F7D2-CD37-4B68-8385-6671D2910FE3}.Release|iPhoneSimulator.ActiveCfg = Release|Any CPU
		{2F78F7D2-CD37-4B68-8385-6671D2910FE3}.Release|iPhoneSimulator.Build.0 = Release|Any CPU
		{2F78F7D2-CD37-4B68-8385-6671D2910FE3}.Release|x64.ActiveCfg = Release|Any CPU
		{2F78F7D2-CD37-4B68-8385-6671D2910FE3}.Release|x64.Build.0 = Release|Any CPU
		{2F78F7D2-CD37-4B68-8385-6671D2910FE3}.Release|x86.ActiveCfg = Release|Any CPU
		{2F78F7D2-CD37-4B68-8385-6671D2910FE3}.Release|x86.Build.0 = Release|Any CPU
		{45525955-7152-4B40-BE48-F8AF2F383360}.Ad-Hoc|Any CPU.ActiveCfg = Release|Any CPU
		{45525955-7152-4B40-BE48-F8AF2F383360}.Ad-Hoc|Any CPU.Build.0 = Release|Any CPU
		{45525955-7152-4B40-BE48-F8AF2F383360}.Ad-Hoc|Any CPU.Deploy.0 = Release|Any CPU
		{45525955-7152-4B40-BE48-F8AF2F383360}.Ad-Hoc|ARM.ActiveCfg = Release|Any CPU
		{45525955-7152-4B40-BE48-F8AF2F383360}.Ad-Hoc|ARM.Build.0 = Release|Any CPU
		{45525955-7152-4B40-BE48-F8AF2F383360}.Ad-Hoc|ARM.Deploy.0 = Release|Any CPU
		{45525955-7152-4B40-BE48-F8AF2F383360}.Ad-Hoc|iPhone.ActiveCfg = Release|Any CPU
		{45525955-7152-4B40-BE48-F8AF2F383360}.Ad-Hoc|iPhone.Build.0 = Release|Any CPU
		{45525955-7152-4B40-BE48-F8AF2F383360}.Ad-Hoc|iPhone.Deploy.0 = Release|Any CPU
		{45525955-7152-4B40-BE48-F8AF2F383360}.Ad-Hoc|iPhoneSimulator.ActiveCfg = Release|Any CPU
		{45525955-7152-4B40-BE48-F8AF2F383360}.Ad-Hoc|iPhoneSimulator.Build.0 = Release|Any CPU
		{45525955-7152-4B40-BE48-F8AF2F383360}.Ad-Hoc|iPhoneSimulator.Deploy.0 = Release|Any CPU
		{45525955-7152-4B40-BE48-F8AF2F383360}.Ad-Hoc|x64.ActiveCfg = Release|Any CPU
		{45525955-7152-4B40-BE48-F8AF2F383360}.Ad-Hoc|x64.Build.0 = Release|Any CPU
		{45525955-7152-4B40-BE48-F8AF2F383360}.Ad-Hoc|x64.Deploy.0 = Release|Any CPU
		{45525955-7152-4B40-BE48-F8AF2F383360}.Ad-Hoc|x86.ActiveCfg = Release|Any CPU
		{45525955-7152-4B40-BE48-F8AF2F383360}.Ad-Hoc|x86.Build.0 = Release|Any CPU
		{45525955-7152-4B40-BE48-F8AF2F383360}.Ad-Hoc|x86.Deploy.0 = Release|Any CPU
		{45525955-7152-4B40-BE48-F8AF2F383360}.AppStore|Any CPU.ActiveCfg = Release|Any CPU
		{45525955-7152-4B40-BE48-F8AF2F383360}.AppStore|Any CPU.Build.0 = Release|Any CPU
		{45525955-7152-4B40-BE48-F8AF2F383360}.AppStore|Any CPU.Deploy.0 = Release|Any CPU
		{45525955-7152-4B40-BE48-F8AF2F383360}.AppStore|ARM.ActiveCfg = Release|Any CPU
		{45525955-7152-4B40-BE48-F8AF2F383360}.AppStore|ARM.Build.0 = Release|Any CPU
		{45525955-7152-4B40-BE48-F8AF2F383360}.AppStore|ARM.Deploy.0 = Release|Any CPU
		{45525955-7152-4B40-BE48-F8AF2F383360}.AppStore|iPhone.ActiveCfg = Release|Any CPU
		{45525955-7152-4B40-BE48-F8AF2F383360}.AppStore|iPhone.Build.0 = Release|Any CPU
		{45525955-7152-4B40-BE48-F8AF2F383360}.AppStore|iPhone.Deploy.0 = Release|Any CPU
		{45525955-7152-4B40-BE48-F8AF2F383360}.AppStore|iPhoneSimulator.ActiveCfg = Release|Any CPU
		{45525955-7152-4B40-BE48-F8AF2F383360}.AppStore|iPhoneSimulator.Build.0 = Release|Any CPU
		{45525955-7152-4B40-BE48-F8AF2F383360}.AppStore|iPhoneSimulator.Deploy.0 = Release|Any CPU
		{45525955-7152-4B40-BE48-F8AF2F383360}.AppStore|x64.ActiveCfg = Release|Any CPU
		{45525955-7152-4B40-BE48-F8AF2F383360}.AppStore|x64.Build.0 = Release|Any CPU
		{45525955-7152-4B40-BE48-F8AF2F383360}.AppStore|x64.Deploy.0 = Release|Any CPU
		{45525955-7152-4B40-BE48-F8AF2F383360}.AppStore|x86.ActiveCfg = Release|Any CPU
		{45525955-7152-4B40-BE48-F8AF2F383360}.AppStore|x86.Build.0 = Release|Any CPU
		{45525955-7152-4B40-BE48-F8AF2F383360}.AppStore|x86.Deploy.0 = Release|Any CPU
		{45525955-7152-4B40-BE48-F8AF2F383360}.Debug|Any CPU.ActiveCfg = Debug|Any CPU
		{45525955-7152-4B40-BE48-F8AF2F383360}.Debug|Any CPU.Build.0 = Debug|Any CPU
		{45525955-7152-4B40-BE48-F8AF2F383360}.Debug|Any CPU.Deploy.0 = Debug|Any CPU
		{45525955-7152-4B40-BE48-F8AF2F383360}.Debug|ARM.ActiveCfg = Debug|Any CPU
		{45525955-7152-4B40-BE48-F8AF2F383360}.Debug|ARM.Build.0 = Debug|Any CPU
		{45525955-7152-4B40-BE48-F8AF2F383360}.Debug|ARM.Deploy.0 = Debug|Any CPU
		{45525955-7152-4B40-BE48-F8AF2F383360}.Debug|iPhone.ActiveCfg = Debug|Any CPU
		{45525955-7152-4B40-BE48-F8AF2F383360}.Debug|iPhone.Build.0 = Debug|Any CPU
		{45525955-7152-4B40-BE48-F8AF2F383360}.Debug|iPhone.Deploy.0 = Debug|Any CPU
		{45525955-7152-4B40-BE48-F8AF2F383360}.Debug|iPhoneSimulator.ActiveCfg = Debug|Any CPU
		{45525955-7152-4B40-BE48-F8AF2F383360}.Debug|iPhoneSimulator.Build.0 = Debug|Any CPU
		{45525955-7152-4B40-BE48-F8AF2F383360}.Debug|iPhoneSimulator.Deploy.0 = Debug|Any CPU
		{45525955-7152-4B40-BE48-F8AF2F383360}.Debug|x64.ActiveCfg = Debug|Any CPU
		{45525955-7152-4B40-BE48-F8AF2F383360}.Debug|x64.Build.0 = Debug|Any CPU
		{45525955-7152-4B40-BE48-F8AF2F383360}.Debug|x64.Deploy.0 = Debug|Any CPU
		{45525955-7152-4B40-BE48-F8AF2F383360}.Debug|x86.ActiveCfg = Debug|Any CPU
		{45525955-7152-4B40-BE48-F8AF2F383360}.Debug|x86.Build.0 = Debug|Any CPU
		{45525955-7152-4B40-BE48-F8AF2F383360}.Debug|x86.Deploy.0 = Debug|Any CPU
		{45525955-7152-4B40-BE48-F8AF2F383360}.Release|Any CPU.ActiveCfg = Release|Any CPU
		{45525955-7152-4B40-BE48-F8AF2F383360}.Release|Any CPU.Build.0 = Release|Any CPU
		{45525955-7152-4B40-BE48-F8AF2F383360}.Release|Any CPU.Deploy.0 = Release|Any CPU
		{45525955-7152-4B40-BE48-F8AF2F383360}.Release|ARM.ActiveCfg = Release|Any CPU
		{45525955-7152-4B40-BE48-F8AF2F383360}.Release|ARM.Build.0 = Release|Any CPU
		{45525955-7152-4B40-BE48-F8AF2F383360}.Release|ARM.Deploy.0 = Release|Any CPU
		{45525955-7152-4B40-BE48-F8AF2F383360}.Release|iPhone.ActiveCfg = Release|Any CPU
		{45525955-7152-4B40-BE48-F8AF2F383360}.Release|iPhone.Build.0 = Release|Any CPU
		{45525955-7152-4B40-BE48-F8AF2F383360}.Release|iPhone.Deploy.0 = Release|Any CPU
		{45525955-7152-4B40-BE48-F8AF2F383360}.Release|iPhoneSimulator.ActiveCfg = Release|Any CPU
		{45525955-7152-4B40-BE48-F8AF2F383360}.Release|iPhoneSimulator.Build.0 = Release|Any CPU
		{45525955-7152-4B40-BE48-F8AF2F383360}.Release|iPhoneSimulator.Deploy.0 = Release|Any CPU
		{45525955-7152-4B40-BE48-F8AF2F383360}.Release|x64.ActiveCfg = Release|Any CPU
		{45525955-7152-4B40-BE48-F8AF2F383360}.Release|x64.Build.0 = Release|Any CPU
		{45525955-7152-4B40-BE48-F8AF2F383360}.Release|x64.Deploy.0 = Release|Any CPU
		{45525955-7152-4B40-BE48-F8AF2F383360}.Release|x86.ActiveCfg = Release|Any CPU
		{45525955-7152-4B40-BE48-F8AF2F383360}.Release|x86.Build.0 = Release|Any CPU
		{45525955-7152-4B40-BE48-F8AF2F383360}.Release|x86.Deploy.0 = Release|Any CPU
		{518904A6-728E-41C9-9A91-EBCE014D3FBA}.Ad-Hoc|Any CPU.ActiveCfg = Ad-Hoc|iPhone
		{518904A6-728E-41C9-9A91-EBCE014D3FBA}.Ad-Hoc|ARM.ActiveCfg = Ad-Hoc|iPhone
		{518904A6-728E-41C9-9A91-EBCE014D3FBA}.Ad-Hoc|iPhone.ActiveCfg = Ad-Hoc|iPhone
		{518904A6-728E-41C9-9A91-EBCE014D3FBA}.Ad-Hoc|iPhone.Build.0 = Ad-Hoc|iPhone
		{518904A6-728E-41C9-9A91-EBCE014D3FBA}.Ad-Hoc|iPhoneSimulator.ActiveCfg = Ad-Hoc|iPhoneSimulator
		{518904A6-728E-41C9-9A91-EBCE014D3FBA}.Ad-Hoc|iPhoneSimulator.Build.0 = Ad-Hoc|iPhoneSimulator
		{518904A6-728E-41C9-9A91-EBCE014D3FBA}.Ad-Hoc|x64.ActiveCfg = Ad-Hoc|iPhone
		{518904A6-728E-41C9-9A91-EBCE014D3FBA}.Ad-Hoc|x86.ActiveCfg = Ad-Hoc|iPhone
		{518904A6-728E-41C9-9A91-EBCE014D3FBA}.AppStore|Any CPU.ActiveCfg = AppStore|iPhone
		{518904A6-728E-41C9-9A91-EBCE014D3FBA}.AppStore|ARM.ActiveCfg = AppStore|iPhone
		{518904A6-728E-41C9-9A91-EBCE014D3FBA}.AppStore|iPhone.ActiveCfg = AppStore|iPhone
		{518904A6-728E-41C9-9A91-EBCE014D3FBA}.AppStore|iPhone.Build.0 = AppStore|iPhone
		{518904A6-728E-41C9-9A91-EBCE014D3FBA}.AppStore|iPhoneSimulator.ActiveCfg = AppStore|iPhoneSimulator
		{518904A6-728E-41C9-9A91-EBCE014D3FBA}.AppStore|iPhoneSimulator.Build.0 = AppStore|iPhoneSimulator
		{518904A6-728E-41C9-9A91-EBCE014D3FBA}.AppStore|x64.ActiveCfg = AppStore|iPhone
		{518904A6-728E-41C9-9A91-EBCE014D3FBA}.AppStore|x86.ActiveCfg = AppStore|iPhone
		{518904A6-728E-41C9-9A91-EBCE014D3FBA}.Debug|Any CPU.ActiveCfg = Debug|iPhone
		{518904A6-728E-41C9-9A91-EBCE014D3FBA}.Debug|ARM.ActiveCfg = Debug|iPhone
		{518904A6-728E-41C9-9A91-EBCE014D3FBA}.Debug|iPhone.ActiveCfg = Debug|iPhone
		{518904A6-728E-41C9-9A91-EBCE014D3FBA}.Debug|iPhone.Build.0 = Debug|iPhone
		{518904A6-728E-41C9-9A91-EBCE014D3FBA}.Debug|iPhoneSimulator.ActiveCfg = Debug|iPhoneSimulator
		{518904A6-728E-41C9-9A91-EBCE014D3FBA}.Debug|iPhoneSimulator.Build.0 = Debug|iPhoneSimulator
		{518904A6-728E-41C9-9A91-EBCE014D3FBA}.Debug|x64.ActiveCfg = Debug|iPhone
		{518904A6-728E-41C9-9A91-EBCE014D3FBA}.Debug|x86.ActiveCfg = Debug|iPhone
		{518904A6-728E-41C9-9A91-EBCE014D3FBA}.Release|Any CPU.ActiveCfg = Release|iPhone
		{518904A6-728E-41C9-9A91-EBCE014D3FBA}.Release|ARM.ActiveCfg = Release|iPhone
		{518904A6-728E-41C9-9A91-EBCE014D3FBA}.Release|iPhone.ActiveCfg = Release|iPhone
		{518904A6-728E-41C9-9A91-EBCE014D3FBA}.Release|iPhone.Build.0 = Release|iPhone
		{518904A6-728E-41C9-9A91-EBCE014D3FBA}.Release|iPhoneSimulator.ActiveCfg = Release|iPhoneSimulator
		{518904A6-728E-41C9-9A91-EBCE014D3FBA}.Release|iPhoneSimulator.Build.0 = Release|iPhoneSimulator
		{518904A6-728E-41C9-9A91-EBCE014D3FBA}.Release|x64.ActiveCfg = Release|iPhone
		{518904A6-728E-41C9-9A91-EBCE014D3FBA}.Release|x86.ActiveCfg = Release|iPhone
		{5CB960A3-1504-41F6-B8DC-21E804EBEA9F}.Ad-Hoc|Any CPU.ActiveCfg = Release|x86
		{5CB960A3-1504-41F6-B8DC-21E804EBEA9F}.Ad-Hoc|Any CPU.Build.0 = Release|x86
		{5CB960A3-1504-41F6-B8DC-21E804EBEA9F}.Ad-Hoc|Any CPU.Deploy.0 = Release|x86
		{5CB960A3-1504-41F6-B8DC-21E804EBEA9F}.Ad-Hoc|ARM.ActiveCfg = Release|ARM
		{5CB960A3-1504-41F6-B8DC-21E804EBEA9F}.Ad-Hoc|ARM.Build.0 = Release|ARM
		{5CB960A3-1504-41F6-B8DC-21E804EBEA9F}.Ad-Hoc|ARM.Deploy.0 = Release|ARM
		{5CB960A3-1504-41F6-B8DC-21E804EBEA9F}.Ad-Hoc|iPhone.ActiveCfg = Release|x86
		{5CB960A3-1504-41F6-B8DC-21E804EBEA9F}.Ad-Hoc|iPhone.Build.0 = Release|x86
		{5CB960A3-1504-41F6-B8DC-21E804EBEA9F}.Ad-Hoc|iPhone.Deploy.0 = Release|x86
		{5CB960A3-1504-41F6-B8DC-21E804EBEA9F}.Ad-Hoc|iPhoneSimulator.ActiveCfg = Release|x86
		{5CB960A3-1504-41F6-B8DC-21E804EBEA9F}.Ad-Hoc|iPhoneSimulator.Build.0 = Release|x86
		{5CB960A3-1504-41F6-B8DC-21E804EBEA9F}.Ad-Hoc|iPhoneSimulator.Deploy.0 = Release|x86
		{5CB960A3-1504-41F6-B8DC-21E804EBEA9F}.Ad-Hoc|x64.ActiveCfg = Release|x64
		{5CB960A3-1504-41F6-B8DC-21E804EBEA9F}.Ad-Hoc|x64.Build.0 = Release|x64
		{5CB960A3-1504-41F6-B8DC-21E804EBEA9F}.Ad-Hoc|x64.Deploy.0 = Release|x64
		{5CB960A3-1504-41F6-B8DC-21E804EBEA9F}.Ad-Hoc|x86.ActiveCfg = Release|x86
		{5CB960A3-1504-41F6-B8DC-21E804EBEA9F}.Ad-Hoc|x86.Build.0 = Release|x86
		{5CB960A3-1504-41F6-B8DC-21E804EBEA9F}.Ad-Hoc|x86.Deploy.0 = Release|x86
		{5CB960A3-1504-41F6-B8DC-21E804EBEA9F}.AppStore|Any CPU.ActiveCfg = Release|x86
		{5CB960A3-1504-41F6-B8DC-21E804EBEA9F}.AppStore|Any CPU.Build.0 = Release|x86
		{5CB960A3-1504-41F6-B8DC-21E804EBEA9F}.AppStore|Any CPU.Deploy.0 = Release|x86
		{5CB960A3-1504-41F6-B8DC-21E804EBEA9F}.AppStore|ARM.ActiveCfg = Release|ARM
		{5CB960A3-1504-41F6-B8DC-21E804EBEA9F}.AppStore|ARM.Build.0 = Release|ARM
		{5CB960A3-1504-41F6-B8DC-21E804EBEA9F}.AppStore|ARM.Deploy.0 = Release|ARM
		{5CB960A3-1504-41F6-B8DC-21E804EBEA9F}.AppStore|iPhone.ActiveCfg = Release|x86
		{5CB960A3-1504-41F6-B8DC-21E804EBEA9F}.AppStore|iPhone.Build.0 = Release|x86
		{5CB960A3-1504-41F6-B8DC-21E804EBEA9F}.AppStore|iPhone.Deploy.0 = Release|x86
		{5CB960A3-1504-41F6-B8DC-21E804EBEA9F}.AppStore|iPhoneSimulator.ActiveCfg = Release|x86
		{5CB960A3-1504-41F6-B8DC-21E804EBEA9F}.AppStore|iPhoneSimulator.Build.0 = Release|x86
		{5CB960A3-1504-41F6-B8DC-21E804EBEA9F}.AppStore|iPhoneSimulator.Deploy.0 = Release|x86
		{5CB960A3-1504-41F6-B8DC-21E804EBEA9F}.AppStore|x64.ActiveCfg = Release|x64
		{5CB960A3-1504-41F6-B8DC-21E804EBEA9F}.AppStore|x64.Build.0 = Release|x64
		{5CB960A3-1504-41F6-B8DC-21E804EBEA9F}.AppStore|x64.Deploy.0 = Release|x64
		{5CB960A3-1504-41F6-B8DC-21E804EBEA9F}.AppStore|x86.ActiveCfg = Release|x86
		{5CB960A3-1504-41F6-B8DC-21E804EBEA9F}.AppStore|x86.Build.0 = Release|x86
		{5CB960A3-1504-41F6-B8DC-21E804EBEA9F}.AppStore|x86.Deploy.0 = Release|x86
		{5CB960A3-1504-41F6-B8DC-21E804EBEA9F}.Debug|Any CPU.ActiveCfg = Debug|x86
		{5CB960A3-1504-41F6-B8DC-21E804EBEA9F}.Debug|Any CPU.Build.0 = Debug|x86
		{5CB960A3-1504-41F6-B8DC-21E804EBEA9F}.Debug|Any CPU.Deploy.0 = Debug|x86
		{5CB960A3-1504-41F6-B8DC-21E804EBEA9F}.Debug|ARM.ActiveCfg = Debug|ARM
		{5CB960A3-1504-41F6-B8DC-21E804EBEA9F}.Debug|ARM.Build.0 = Debug|ARM
		{5CB960A3-1504-41F6-B8DC-21E804EBEA9F}.Debug|ARM.Deploy.0 = Debug|ARM
		{5CB960A3-1504-41F6-B8DC-21E804EBEA9F}.Debug|iPhone.ActiveCfg = Debug|x86
		{5CB960A3-1504-41F6-B8DC-21E804EBEA9F}.Debug|iPhoneSimulator.ActiveCfg = Debug|x86
		{5CB960A3-1504-41F6-B8DC-21E804EBEA9F}.Debug|x64.ActiveCfg = Debug|x64
		{5CB960A3-1504-41F6-B8DC-21E804EBEA9F}.Debug|x64.Build.0 = Debug|x64
		{5CB960A3-1504-41F6-B8DC-21E804EBEA9F}.Debug|x64.Deploy.0 = Debug|x64
		{5CB960A3-1504-41F6-B8DC-21E804EBEA9F}.Debug|x86.ActiveCfg = Debug|x86
		{5CB960A3-1504-41F6-B8DC-21E804EBEA9F}.Debug|x86.Build.0 = Debug|x86
		{5CB960A3-1504-41F6-B8DC-21E804EBEA9F}.Debug|x86.Deploy.0 = Debug|x86
		{5CB960A3-1504-41F6-B8DC-21E804EBEA9F}.Release|Any CPU.ActiveCfg = Release|x86
		{5CB960A3-1504-41F6-B8DC-21E804EBEA9F}.Release|ARM.ActiveCfg = Release|ARM
		{5CB960A3-1504-41F6-B8DC-21E804EBEA9F}.Release|ARM.Build.0 = Release|ARM
		{5CB960A3-1504-41F6-B8DC-21E804EBEA9F}.Release|ARM.Deploy.0 = Release|ARM
		{5CB960A3-1504-41F6-B8DC-21E804EBEA9F}.Release|iPhone.ActiveCfg = Release|x86
		{5CB960A3-1504-41F6-B8DC-21E804EBEA9F}.Release|iPhoneSimulator.ActiveCfg = Release|x86
		{5CB960A3-1504-41F6-B8DC-21E804EBEA9F}.Release|x64.ActiveCfg = Release|x64
		{5CB960A3-1504-41F6-B8DC-21E804EBEA9F}.Release|x64.Build.0 = Release|x64
		{5CB960A3-1504-41F6-B8DC-21E804EBEA9F}.Release|x64.Deploy.0 = Release|x64
		{5CB960A3-1504-41F6-B8DC-21E804EBEA9F}.Release|x86.ActiveCfg = Release|x86
		{5CB960A3-1504-41F6-B8DC-21E804EBEA9F}.Release|x86.Build.0 = Release|x86
		{5CB960A3-1504-41F6-B8DC-21E804EBEA9F}.Release|x86.Deploy.0 = Release|x86
		{38D7EB70-0439-43F1-B615-7E3D1469B1D0}.Ad-Hoc|Any CPU.ActiveCfg = Release|Any CPU
		{38D7EB70-0439-43F1-B615-7E3D1469B1D0}.Ad-Hoc|Any CPU.Build.0 = Release|Any CPU
		{38D7EB70-0439-43F1-B615-7E3D1469B1D0}.Ad-Hoc|ARM.ActiveCfg = Release|Any CPU
		{38D7EB70-0439-43F1-B615-7E3D1469B1D0}.Ad-Hoc|ARM.Build.0 = Release|Any CPU
		{38D7EB70-0439-43F1-B615-7E3D1469B1D0}.Ad-Hoc|iPhone.ActiveCfg = Release|Any CPU
		{38D7EB70-0439-43F1-B615-7E3D1469B1D0}.Ad-Hoc|iPhone.Build.0 = Release|Any CPU
		{38D7EB70-0439-43F1-B615-7E3D1469B1D0}.Ad-Hoc|iPhoneSimulator.ActiveCfg = Release|Any CPU
		{38D7EB70-0439-43F1-B615-7E3D1469B1D0}.Ad-Hoc|iPhoneSimulator.Build.0 = Release|Any CPU
		{38D7EB70-0439-43F1-B615-7E3D1469B1D0}.Ad-Hoc|x64.ActiveCfg = Release|Any CPU
		{38D7EB70-0439-43F1-B615-7E3D1469B1D0}.Ad-Hoc|x64.Build.0 = Release|Any CPU
		{38D7EB70-0439-43F1-B615-7E3D1469B1D0}.Ad-Hoc|x86.ActiveCfg = Release|Any CPU
		{38D7EB70-0439-43F1-B615-7E3D1469B1D0}.Ad-Hoc|x86.Build.0 = Release|Any CPU
		{38D7EB70-0439-43F1-B615-7E3D1469B1D0}.AppStore|Any CPU.ActiveCfg = Release|Any CPU
		{38D7EB70-0439-43F1-B615-7E3D1469B1D0}.AppStore|Any CPU.Build.0 = Release|Any CPU
		{38D7EB70-0439-43F1-B615-7E3D1469B1D0}.AppStore|ARM.ActiveCfg = Release|Any CPU
		{38D7EB70-0439-43F1-B615-7E3D1469B1D0}.AppStore|ARM.Build.0 = Release|Any CPU
		{38D7EB70-0439-43F1-B615-7E3D1469B1D0}.AppStore|iPhone.ActiveCfg = Release|Any CPU
		{38D7EB70-0439-43F1-B615-7E3D1469B1D0}.AppStore|iPhone.Build.0 = Release|Any CPU
		{38D7EB70-0439-43F1-B615-7E3D1469B1D0}.AppStore|iPhoneSimulator.ActiveCfg = Release|Any CPU
		{38D7EB70-0439-43F1-B615-7E3D1469B1D0}.AppStore|iPhoneSimulator.Build.0 = Release|Any CPU
		{38D7EB70-0439-43F1-B615-7E3D1469B1D0}.AppStore|x64.ActiveCfg = Release|Any CPU
		{38D7EB70-0439-43F1-B615-7E3D1469B1D0}.AppStore|x64.Build.0 = Release|Any CPU
		{38D7EB70-0439-43F1-B615-7E3D1469B1D0}.AppStore|x86.ActiveCfg = Release|Any CPU
		{38D7EB70-0439-43F1-B615-7E3D1469B1D0}.AppStore|x86.Build.0 = Release|Any CPU
		{38D7EB70-0439-43F1-B615-7E3D1469B1D0}.Debug|Any CPU.ActiveCfg = Debug|Any CPU
		{38D7EB70-0439-43F1-B615-7E3D1469B1D0}.Debug|Any CPU.Build.0 = Debug|Any CPU
		{38D7EB70-0439-43F1-B615-7E3D1469B1D0}.Debug|ARM.ActiveCfg = Debug|Any CPU
		{38D7EB70-0439-43F1-B615-7E3D1469B1D0}.Debug|ARM.Build.0 = Debug|Any CPU
		{38D7EB70-0439-43F1-B615-7E3D1469B1D0}.Debug|iPhone.ActiveCfg = Debug|Any CPU
		{38D7EB70-0439-43F1-B615-7E3D1469B1D0}.Debug|iPhone.Build.0 = Debug|Any CPU
		{38D7EB70-0439-43F1-B615-7E3D1469B1D0}.Debug|iPhoneSimulator.ActiveCfg = Debug|Any CPU
		{38D7EB70-0439-43F1-B615-7E3D1469B1D0}.Debug|iPhoneSimulator.Build.0 = Debug|Any CPU
		{38D7EB70-0439-43F1-B615-7E3D1469B1D0}.Debug|x64.ActiveCfg = Debug|Any CPU
		{38D7EB70-0439-43F1-B615-7E3D1469B1D0}.Debug|x64.Build.0 = Debug|Any CPU
		{38D7EB70-0439-43F1-B615-7E3D1469B1D0}.Debug|x86.ActiveCfg = Debug|Any CPU
		{38D7EB70-0439-43F1-B615-7E3D1469B1D0}.Debug|x86.Build.0 = Debug|Any CPU
		{38D7EB70-0439-43F1-B615-7E3D1469B1D0}.Release|Any CPU.ActiveCfg = Release|Any CPU
		{38D7EB70-0439-43F1-B615-7E3D1469B1D0}.Release|Any CPU.Build.0 = Release|Any CPU
		{38D7EB70-0439-43F1-B615-7E3D1469B1D0}.Release|ARM.ActiveCfg = Release|Any CPU
		{38D7EB70-0439-43F1-B615-7E3D1469B1D0}.Release|ARM.Build.0 = Release|Any CPU
		{38D7EB70-0439-43F1-B615-7E3D1469B1D0}.Release|iPhone.ActiveCfg = Release|Any CPU
		{38D7EB70-0439-43F1-B615-7E3D1469B1D0}.Release|iPhone.Build.0 = Release|Any CPU
		{38D7EB70-0439-43F1-B615-7E3D1469B1D0}.Release|iPhoneSimulator.ActiveCfg = Release|Any CPU
		{38D7EB70-0439-43F1-B615-7E3D1469B1D0}.Release|iPhoneSimulator.Build.0 = Release|Any CPU
		{38D7EB70-0439-43F1-B615-7E3D1469B1D0}.Release|x64.ActiveCfg = Release|Any CPU
		{38D7EB70-0439-43F1-B615-7E3D1469B1D0}.Release|x64.Build.0 = Release|Any CPU
		{38D7EB70-0439-43F1-B615-7E3D1469B1D0}.Release|x86.ActiveCfg = Release|Any CPU
		{38D7EB70-0439-43F1-B615-7E3D1469B1D0}.Release|x86.Build.0 = Release|Any CPU
		{67F9D3A8-F71E-4428-913F-C37AE82CDB24}.Ad-Hoc|Any CPU.ActiveCfg = Release|Any CPU
		{67F9D3A8-F71E-4428-913F-C37AE82CDB24}.Ad-Hoc|Any CPU.Build.0 = Release|Any CPU
		{67F9D3A8-F71E-4428-913F-C37AE82CDB24}.Ad-Hoc|ARM.ActiveCfg = Release|Any CPU
		{67F9D3A8-F71E-4428-913F-C37AE82CDB24}.Ad-Hoc|ARM.Build.0 = Release|Any CPU
		{67F9D3A8-F71E-4428-913F-C37AE82CDB24}.Ad-Hoc|iPhone.ActiveCfg = Release|Any CPU
		{67F9D3A8-F71E-4428-913F-C37AE82CDB24}.Ad-Hoc|iPhone.Build.0 = Release|Any CPU
		{67F9D3A8-F71E-4428-913F-C37AE82CDB24}.Ad-Hoc|iPhoneSimulator.ActiveCfg = Release|Any CPU
		{67F9D3A8-F71E-4428-913F-C37AE82CDB24}.Ad-Hoc|iPhoneSimulator.Build.0 = Release|Any CPU
		{67F9D3A8-F71E-4428-913F-C37AE82CDB24}.Ad-Hoc|x64.ActiveCfg = Release|Any CPU
		{67F9D3A8-F71E-4428-913F-C37AE82CDB24}.Ad-Hoc|x64.Build.0 = Release|Any CPU
		{67F9D3A8-F71E-4428-913F-C37AE82CDB24}.Ad-Hoc|x86.ActiveCfg = Release|Any CPU
		{67F9D3A8-F71E-4428-913F-C37AE82CDB24}.Ad-Hoc|x86.Build.0 = Release|Any CPU
		{67F9D3A8-F71E-4428-913F-C37AE82CDB24}.AppStore|Any CPU.ActiveCfg = Release|Any CPU
		{67F9D3A8-F71E-4428-913F-C37AE82CDB24}.AppStore|Any CPU.Build.0 = Release|Any CPU
		{67F9D3A8-F71E-4428-913F-C37AE82CDB24}.AppStore|ARM.ActiveCfg = Release|Any CPU
		{67F9D3A8-F71E-4428-913F-C37AE82CDB24}.AppStore|ARM.Build.0 = Release|Any CPU
		{67F9D3A8-F71E-4428-913F-C37AE82CDB24}.AppStore|iPhone.ActiveCfg = Release|Any CPU
		{67F9D3A8-F71E-4428-913F-C37AE82CDB24}.AppStore|iPhone.Build.0 = Release|Any CPU
		{67F9D3A8-F71E-4428-913F-C37AE82CDB24}.AppStore|iPhoneSimulator.ActiveCfg = Release|Any CPU
		{67F9D3A8-F71E-4428-913F-C37AE82CDB24}.AppStore|iPhoneSimulator.Build.0 = Release|Any CPU
		{67F9D3A8-F71E-4428-913F-C37AE82CDB24}.AppStore|x64.ActiveCfg = Release|Any CPU
		{67F9D3A8-F71E-4428-913F-C37AE82CDB24}.AppStore|x64.Build.0 = Release|Any CPU
		{67F9D3A8-F71E-4428-913F-C37AE82CDB24}.AppStore|x86.ActiveCfg = Release|Any CPU
		{67F9D3A8-F71E-4428-913F-C37AE82CDB24}.AppStore|x86.Build.0 = Release|Any CPU
		{67F9D3A8-F71E-4428-913F-C37AE82CDB24}.Debug|Any CPU.ActiveCfg = Debug|Any CPU
		{67F9D3A8-F71E-4428-913F-C37AE82CDB24}.Debug|Any CPU.Build.0 = Debug|Any CPU
		{67F9D3A8-F71E-4428-913F-C37AE82CDB24}.Debug|ARM.ActiveCfg = Debug|Any CPU
		{67F9D3A8-F71E-4428-913F-C37AE82CDB24}.Debug|ARM.Build.0 = Debug|Any CPU
		{67F9D3A8-F71E-4428-913F-C37AE82CDB24}.Debug|iPhone.ActiveCfg = Debug|Any CPU
		{67F9D3A8-F71E-4428-913F-C37AE82CDB24}.Debug|iPhone.Build.0 = Debug|Any CPU
		{67F9D3A8-F71E-4428-913F-C37AE82CDB24}.Debug|iPhoneSimulator.ActiveCfg = Debug|Any CPU
		{67F9D3A8-F71E-4428-913F-C37AE82CDB24}.Debug|iPhoneSimulator.Build.0 = Debug|Any CPU
		{67F9D3A8-F71E-4428-913F-C37AE82CDB24}.Debug|x64.ActiveCfg = Debug|Any CPU
		{67F9D3A8-F71E-4428-913F-C37AE82CDB24}.Debug|x64.Build.0 = Debug|Any CPU
		{67F9D3A8-F71E-4428-913F-C37AE82CDB24}.Debug|x86.ActiveCfg = Debug|Any CPU
		{67F9D3A8-F71E-4428-913F-C37AE82CDB24}.Debug|x86.Build.0 = Debug|Any CPU
		{67F9D3A8-F71E-4428-913F-C37AE82CDB24}.Release|Any CPU.ActiveCfg = Release|Any CPU
		{67F9D3A8-F71E-4428-913F-C37AE82CDB24}.Release|Any CPU.Build.0 = Release|Any CPU
		{67F9D3A8-F71E-4428-913F-C37AE82CDB24}.Release|ARM.ActiveCfg = Release|Any CPU
		{67F9D3A8-F71E-4428-913F-C37AE82CDB24}.Release|ARM.Build.0 = Release|Any CPU
		{67F9D3A8-F71E-4428-913F-C37AE82CDB24}.Release|iPhone.ActiveCfg = Release|Any CPU
		{67F9D3A8-F71E-4428-913F-C37AE82CDB24}.Release|iPhone.Build.0 = Release|Any CPU
		{67F9D3A8-F71E-4428-913F-C37AE82CDB24}.Release|iPhoneSimulator.ActiveCfg = Release|Any CPU
		{67F9D3A8-F71E-4428-913F-C37AE82CDB24}.Release|iPhoneSimulator.Build.0 = Release|Any CPU
		{67F9D3A8-F71E-4428-913F-C37AE82CDB24}.Release|x64.ActiveCfg = Release|Any CPU
		{67F9D3A8-F71E-4428-913F-C37AE82CDB24}.Release|x64.Build.0 = Release|Any CPU
		{67F9D3A8-F71E-4428-913F-C37AE82CDB24}.Release|x86.ActiveCfg = Release|Any CPU
		{67F9D3A8-F71E-4428-913F-C37AE82CDB24}.Release|x86.Build.0 = Release|Any CPU
	EndGlobalSection
	GlobalSection(SolutionProperties) = preSolution
		HideSolutionNode = FALSE
	EndGlobalSection
	GlobalSection(NestedProjects) = preSolution
		{45525955-7152-4B40-BE48-F8AF2F383360} = {CD997A17-A945-4D41-AAF7-6E21DB024A80}
		{518904A6-728E-41C9-9A91-EBCE014D3FBA} = {CD997A17-A945-4D41-AAF7-6E21DB024A80}
		{5CB960A3-1504-41F6-B8DC-21E804EBEA9F} = {CD997A17-A945-4D41-AAF7-6E21DB024A80}
	EndGlobalSection
EndGlobal
